
Microsoft Visual Studio Solution File, Format Version 12.00
# Visual Studio Version 17
VisualStudioVersion = 17.3.32929.385
MinimumVisualStudioVersion = 10.0.40219.1
Project("{8BC9CEB8-8B4A-11D0-8D11-00A0C91BC942}") = "ConsoleApplication1", "ConsoleApplication1\ConsoleApplication1.vcxproj", "{CBB25C83-2949-44F7-AB6A-DD3E936F5CAF}"
EndProject
Global
	GlobalSection(SolutionConfigurationPlatforms) = preSolution
		Debug|x64 = Debug|x64
		Debug|x86 = Debug|x86
		Release|x64 = Release|x64
		Release|x86 = Release|x86
	EndGlobalSection
	GlobalSection(ProjectConfigurationPlatforms) = postSolution
		{CBB25C83-2949-44F7-AB6A-DD3E936F5CAF}.Debug|x64.ActiveCfg = Debug|x64
		{CBB25C83-2949-44F7-AB6A-DD3E936F5CAF}.Debug|x64.Build.0 = Debug|x64
		{CBB25C83-2949-44F7-AB6A-DD3E936F5CAF}.Debug|x86.ActiveCfg = Debug|Win32
		{CBB25C83-2949-44F7-AB6A-DD3E936F5CAF}.Debug|x86.Build.0 = Debug|Win32
		{CBB25C83-2949-44F7-AB6A-DD3E936F5CAF}.Release|x64.ActiveCfg = Release|x64
		{CBB25C83-2949-44F7-AB6A-DD3E936F5CAF}.Release|x64.Build.0 = Release|x64
		{CBB25C83-2949-44F7-AB6A-DD3E936F5CAF}.Release|x86.ActiveCfg = Release|Win32
		{CBB25C83-2949-44F7-AB6A-DD3E936F5CAF}.Release|x86.Build.0 = Release|Win32
	EndGlobalSection
	GlobalSection(SolutionProperties) = preSolution
		HideSolutionNode = FALSE
	EndGlobalSection
	GlobalSection(ExtensibilityGlobals) = postSolution
		SolutionGuid = {3CC6E062-F4D6-4F5D-8BDF-05B183A4A725}
	EndGlobalSection
EndGlobal
